<?xml version="1.0" encoding="utf-8"?>
<Project ToolsVersion="14.0" xmlns="http://schemas.microsoft.com/developer/msbuild/2003">
  <ItemGroup>
    <Filter Include="Data">
      <UniqueIdentifier>{e3704468-12e0-4d2d-88d8-2055238525f9}</UniqueIdentifier>
    </Filter>
    <Filter Include="Data\il2cpp_data\etc\mono">
      <UniqueIdentifier>{210f08fb-08e9-45e3-9712-c7329996654e}</UniqueIdentifier>
    </Filter>
    <Filter Include="Data\il2cpp_data\etc\mono\2.0">
      <UniqueIdentifier>{b619f1d4-92f1-4b6d-aac8-1dc558dded52}</UniqueIdentifier>
    </Filter>
    <Filter Include="Data\il2cpp_data\etc\mono\2.0\Browsers">
      <UniqueIdentifier>{52040cd2-c9ac-4856-bcdd-8c80080bd636}</UniqueIdentifier>
    </Filter>
    <Filter Include="Data\il2cpp_data\etc\mono\4.0">
      <UniqueIdentifier>{4b5e4ad4-9bac-4092-90be-a98207e22abd}</UniqueIdentifier>
    </Filter>
    <Filter Include="Data\il2cpp_data\etc\mono\4.0\Browsers">
      <UniqueIdentifier>{844901ee-18a3-4bee-9652-2c16f5e53c6e}</UniqueIdentifier>
    </Filter>
    <Filter Include="Data\il2cpp_data\etc\mono\4.5">
      <UniqueIdentifier>{099c16a5-c335-42bc-965d-55603d278dc6}</UniqueIdentifier>
    </Filter>
    <Filter Include="Data\il2cpp_data\etc\mono\4.5\Browsers">
      <UniqueIdentifier>{1419e455-4bb2-4e40-88d1-841a1960bac8}</UniqueIdentifier>
    </Filter>
    <Filter Include="Data\il2cpp_data\etc\mono\mconfig">
      <UniqueIdentifier>{bf2e5688-6d06-4a5b-b03f-ebea4c6a911a}</UniqueIdentifier>
    </Filter>
    <Filter Include="Data\il2cpp_data\Metadata">
      <UniqueIdentifier>{525941b5-018b-4adb-9f65-7f78677c55a2}</UniqueIdentifier>
    </Filter>
    <Filter Include="Data\il2cpp_data\Resources">
      <UniqueIdentifier>{6a89e7ca-20cb-45f8-b805-deb0a350b0e4}</UniqueIdentifier>
    </Filter>
    <Filter Include="Data\Resources">
      <UniqueIdentifier>{2de54ba3-ab8e-4b8b-9940-0b6d1da2ae94}</UniqueIdentifier>
    </Filter>
    <Filter Include="Data\il2cpp_data\etc">
      <UniqueIdentifier>{e9cae771-b158-45e3-8e4b-41b601c0dc61}</UniqueIdentifier>
    </Filter>
    <Filter Include="Data\il2cpp_data">
      <UniqueIdentifier>{60a26905-b9f3-4e8a-b02a-cbc6bb3d951a}</UniqueIdentifier>
    </Filter>
    <Resource Include="$(MSBuildThisFileDirectory)Resource.res" />
    <None Include="$(MSBuildThisFileDirectory)StoreManifest.xml" />
    <ClCompile Include="$(MSBuildThisFileDirectory)UnityGenerated.cpp" />
    <ClInclude Include="$(MSBuildThisFileDirectory)UnityGenerated.h" />
    <None Include="$(MSBuildThisFileDirectory)Data\boot.config">
      <Filter>Data</Filter>
    </None>
    <None Include="$(MSBuildThisFileDirectory)Data\globalgamemanagers">
      <Filter>Data</Filter>
    </None>
    <None Include="$(MSBuildThisFileDirectory)Data\globalgamemanagers.assets">
      <Filter>Data</Filter>
    </None>
    <None Include="$(MSBuildThisFileDirectory)Data\level0">
      <Filter>Data</Filter>
    </None>
    <None Include="$(MSBuildThisFileDirectory)Data\level0.resS">
      <Filter>Data</Filter>
    </None>
    <None Include="$(MSBuildThisFileDirectory)Data\resources.assets">
      <Filter>Data</Filter>
    </None>
    <None Include="$(MSBuildThisFileDirectory)Data\resources.assets.resS">
      <Filter>Data</Filter>
    </None>
    <None Include="$(MSBuildThisFileDirectory)Data\sharedassets0.assets">
      <Filter>Data</Filter>
    </None>
    <None Include="$(MSBuildThisFileDirectory)Data\sharedassets0.assets.resS">
      <Filter>Data</Filter>
    </None>
    <None Include="$(MSBuildThisFileDirectory)Data\il2cpp_data\etc\mono\browscap.ini">
      <Filter>Data\il2cpp_data\etc\mono</Filter>
    </None>
    <None Include="$(MSBuildThisFileDirectory)Data\il2cpp_data\etc\mono\config">
      <Filter>Data\il2cpp_data\etc\mono</Filter>
    </None>
    <None Include="$(MSBuildThisFileDirectory)Data\il2cpp_data\etc\mono\2.0\DefaultWsdlHelpGenerator.aspx">
      <Filter>Data\il2cpp_data\etc\mono\2.0</Filter>
    </None>
    <None Include="$(MSBuildThisFileDirectory)Data\il2cpp_data\etc\mono\2.0\machine.config">
      <Filter>Data\il2cpp_data\etc\mono\2.0</Filter>
    </None>
    <None Include="$(MSBuildThisFileDirectory)Data\il2cpp_data\etc\mono\2.0\settings.map">
      <Filter>Data\il2cpp_data\etc\mono\2.0</Filter>
    </None>
    <None Include="$(MSBuildThisFileDirectory)Data\il2cpp_data\etc\mono\2.0\web.config">
      <Filter>Data\il2cpp_data\etc\mono\2.0</Filter>
    </None>
    <None Include="$(MSBuildThisFileDirectory)Data\il2cpp_data\etc\mono\2.0\Browsers\Compat.browser">
      <Filter>Data\il2cpp_data\etc\mono\2.0\Browsers</Filter>
    </None>
    <None Include="$(MSBuildThisFileDirectory)Data\il2cpp_data\etc\mono\4.0\DefaultWsdlHelpGenerator.aspx">
      <Filter>Data\il2cpp_data\etc\mono\4.0</Filter>
    </None>
    <None Include="$(MSBuildThisFileDirectory)Data\il2cpp_data\etc\mono\4.0\machine.config">
      <Filter>Data\il2cpp_data\etc\mono\4.0</Filter>
    </None>
    <None Include="$(MSBuildThisFileDirectory)Data\il2cpp_data\etc\mono\4.0\settings.map">
      <Filter>Data\il2cpp_data\etc\mono\4.0</Filter>
    </None>
    <None Include="$(MSBuildThisFileDirectory)Data\il2cpp_data\etc\mono\4.0\web.config">
      <Filter>Data\il2cpp_data\etc\mono\4.0</Filter>
    </None>
    <None Include="$(MSBuildThisFileDirectory)Data\il2cpp_data\etc\mono\4.0\Browsers\Compat.browser">
      <Filter>Data\il2cpp_data\etc\mono\4.0\Browsers</Filter>
    </None>
    <None Include="$(MSBuildThisFileDirectory)Data\il2cpp_data\etc\mono\4.5\DefaultWsdlHelpGenerator.aspx">
      <Filter>Data\il2cpp_data\etc\mono\4.5</Filter>
    </None>
    <None Include="$(MSBuildThisFileDirectory)Data\il2cpp_data\etc\mono\4.5\machine.config">
      <Filter>Data\il2cpp_data\etc\mono\4.5</Filter>
    </None>
    <None Include="$(MSBuildThisFileDirectory)Data\il2cpp_data\etc\mono\4.5\settings.map">
      <Filter>Data\il2cpp_data\etc\mono\4.5</Filter>
    </None>
    <None Include="$(MSBuildThisFileDirectory)Data\il2cpp_data\etc\mono\4.5\web.config">
      <Filter>Data\il2cpp_data\etc\mono\4.5</Filter>
    </None>
    <None Include="$(MSBuildThisFileDirectory)Data\il2cpp_data\etc\mono\4.5\Browsers\Compat.browser">
      <Filter>Data\il2cpp_data\etc\mono\4.5\Browsers</Filter>
    </None>
    <None Include="$(MSBuildThisFileDirectory)Data\il2cpp_data\etc\mono\mconfig\config.xml">
      <Filter>Data\il2cpp_data\etc\mono\mconfig</Filter>
    </None>
    <None Include="$(MSBuildThisFileDirectory)Data\il2cpp_data\Metadata\global-metadata.dat">
      <Filter>Data\il2cpp_data\Metadata</Filter>
    </None>
    <None Include="$(MSBuildThisFileDirectory)Data\il2cpp_data\Resources\I18N.CJK.dll-resources.dat">
      <Filter>Data\il2cpp_data\Resources</Filter>
    </None>
    <None Include="$(MSBuildThisFileDirectory)Data\il2cpp_data\Resources\mscorlib.dll-resources.dat">
      <Filter>Data\il2cpp_data\Resources</Filter>
    </None>
    <None Include="$(MSBuildThisFileDirectory)Data\Resources\unity default resources">
      <Filter>Data\Resources</Filter>
    </None>
    <None Include="$(MSBuildThisFileDirectory)Data\Resources\unity_builtin_extra">
      <Filter>Data\Resources</Filter>
    </None>
  </ItemGroup>
</Project>